
Microsoft Visual Studio Solution File, Format Version 12.00
# Visual Studio Version 16
VisualStudioVersion = 16.0.34601.136
MinimumVisualStudioVersion = 10.0.40219.1
Project("{FAE04EC0-301F-11D3-BF4B-00C04F79EFBC}") = "Assembly-CSharp", "Assembly-CSharp.csproj", "{84068216-F05E-C1F8-F7DD-67999CBBE322}"
EndProject
Project("{FAE04EC0-301F-11D3-BF4B-00C04F79EFBC}") = "Unity.Timeline", "Unity.Timeline.csproj", "{847CB78C-CE26-3B65-1918-F76E4E17C84C}"
EndProject
Project("{FAE04EC0-301F-11D3-BF4B-00C04F79EFBC}") = "Unity.Timeline.Editor", "Unity.Timeline.Editor.csproj", "{D4856B63-6835-527E-9454-8599BD1515B1}"
EndProject
Project("{FAE04EC0-301F-11D3-BF4B-00C04F79EFBC}") = "Unity.TextMeshPro.Editor", "Unity.TextMeshPro.Editor.csproj", "{7EE499AB-519D-DFE8-EF82-394B7EEF8DEF}"
EndProject
Project("{FAE04EC0-301F-11D3-BF4B-00C04F79EFBC}") = "Unity.VisualScripting.Flow", "Unity.VisualScripting.Flow.csproj", "{7EE384B3-D289-A4BC-8509-8A40DBF0971A}"
EndProject
Project("{FAE04EC0-301F-11D3-BF4B-00C04F79EFBC}") = "Unity.PlasticSCM.Editor", "Unity.PlasticSCM.Editor.csproj", "{F67E9715-A330-E330-092E-46E10DB07B9C}"
EndProject
Project("{FAE04EC0-301F-11D3-BF4B-00C04F79EFBC}") = "Unity.VisualScripting.Core", "Unity.VisualScripting.Core.csproj", "{92CE7846-4FBB-84BE-240C-DF20FEA8E892}"
EndProject
Project("{FAE04EC0-301F-11D3-BF4B-00C04F79EFBC}") = "Unity.Mathematics", "Unity.Mathematics.csproj", "{16AFEA09-33B0-2F74-E772-AB91D4D96425}"
EndProject
Project("{FAE04EC0-301F-11D3-BF4B-00C04F79EFBC}") = "Cinemachine", "Cinemachine.csproj", "{FBDCF933-5328-B871-37D4-5D0700B64969}"
EndProject
Project("{FAE04EC0-301F-11D3-BF4B-00C04F79EFBC}") = "Unity.VisualScripting.Core.Editor", "Unity.VisualScripting.Core.Editor.csproj", "{CEB58528-C4F0-5C44-802A-BC5238E9B1E1}"
EndProject
Project("{FAE04EC0-301F-11D3-BF4B-00C04F79EFBC}") = "Unity.VisualScripting.Flow.Editor", "Unity.VisualScripting.Flow.Editor.csproj", "{628C4619-0400-02BD-A6F0-C1692E3B6520}"
EndProject
Project("{FAE04EC0-301F-11D3-BF4B-00C04F79EFBC}") = "UnityEditor.TestRunner", "UnityEditor.TestRunner.csproj", "{59919EBE-6A61-9673-F189-C7ED8CAE56D5}"
EndProject
Project("{FAE04EC0-301F-11D3-BF4B-00C04F79EFBC}") = "Unity.VisualScripting.SettingsProvider.Editor", "Unity.VisualScripting.SettingsProvider.Editor.csproj", "{854701F2-91DB-0143-498F-1454EBA695C6}"
EndProject
Project("{FAE04EC0-301F-11D3-BF4B-00C04F79EFBC}") = "UnityEngine.TestRunner", "UnityEngine.TestRunner.csproj", "{58EF43A0-8EDE-577F-1383-359EA30A7F3A}"
EndProject
Project("{FAE04EC0-301F-11D3-BF4B-00C04F79EFBC}") = "Unity.Searcher.Editor", "Unity.Searcher.Editor.csproj", "{5A018995-AC8C-FB7C-2A88-814FC5F78DDF}"
EndProject
Project("{FAE04EC0-301F-11D3-BF4B-00C04F79EFBC}") = "Unity.Burst", "Unity.Burst.csproj", "{889C699D-9B1C-4301-086E-80B4571A3197}"
EndProject
Project("{FAE04EC0-301F-11D3-BF4B-00C04F79EFBC}") = "OccaSoftware.SuperSimpleSkybox.Runtime", "OccaSoftware.SuperSimpleSkybox.Runtime.csproj", "{1E43A89D-88DE-E9DD-85B9-50563888E289}"
EndProject
Project("{FAE04EC0-301F-11D3-BF4B-00C04F79EFBC}") = "Unity.VisualStudio.Editor", "Unity.VisualStudio.Editor.csproj", "{D211C2B7-2734-D97A-E55E-B95DB78F487A}"
EndProject
Project("{FAE04EC0-301F-11D3-BF4B-00C04F79EFBC}") = "com.unity.cinemachine.editor", "com.unity.cinemachine.editor.csproj", "{44DBB6BC-3DA9-C47D-C46D-5E0F676E27D6}"
EndProject
Project("{FAE04EC0-301F-11D3-BF4B-00C04F79EFBC}") = "CFXREditor", "CFXREditor.csproj", "{7FC9ECF0-0632-52FC-9AA7-AF7CD14898A0}"
EndProject
Project("{FAE04EC0-301F-11D3-BF4B-00C04F79EFBC}") = "Unity.Rider.Editor", "Unity.Rider.Editor.csproj", "{13213BE4-2023-A275-6D78-4594A2A8637E}"
EndProject
Project("{FAE04EC0-301F-11D3-BF4B-00C04F79EFBC}") = "Unity.Postprocessing.Runtime", "Unity.Postprocessing.Runtime.csproj", "{9A83896A-120B-3D97-D38A-AC51FA8333AE}"
EndProject
Project("{FAE04EC0-301F-11D3-BF4B-00C04F79EFBC}") = "Unity.VisualScripting.State.Editor", "Unity.VisualScripting.State.Editor.csproj", "{13448129-0462-3867-7326-75C5B35C5E69}"
EndProject
Project("{FAE04EC0-301F-11D3-BF4B-00C04F79EFBC}") = "Unity.Burst.CodeGen", "Unity.Burst.CodeGen.csproj", "{80BF40DA-72A1-B422-058A-FE6A9290164F}"
EndProject
Project("{FAE04EC0-301F-11D3-BF4B-00C04F79EFBC}") = "Unity.Postprocessing.Editor", "Unity.Postprocessing.Editor.csproj", "{E116A308-5F29-331E-CB3B-85BBDB329A55}"
EndProject
Project("{FAE04EC0-301F-11D3-BF4B-00C04F79EFBC}") = "Unity.VisualScripting.State", "Unity.VisualScripting.State.csproj", "{270D5960-7AA4-9615-C6BC-FF649A782134}"
EndProject
Project("{FAE04EC0-301F-11D3-BF4B-00C04F79EFBC}") = "Unity.TextMeshPro", "Unity.TextMeshPro.csproj", "{CCABE9F5-A600-E2F0-7815-E0F7B194F035}"
EndProject
Project("{FAE04EC0-301F-11D3-BF4B-00C04F79EFBC}") = "Assembly-CSharp-Editor", "Assembly-CSharp-Editor.csproj", "{44A1F9B5-6BF9-6141-36C9-E68BC285E178}"
EndProject
Project("{FAE04EC0-301F-11D3-BF4B-00C04F79EFBC}") = "Assembly-CSharp-firstpass", "Assembly-CSharp-firstpass.csproj", "{3B818AB6-3A52-A22C-0CB3-9F171E3BE56F}"
EndProject
Project("{FAE04EC0-301F-11D3-BF4B-00C04F79EFBC}") = "Unity.VSCode.Editor", "Unity.VSCode.Editor.csproj", "{BDEC6256-41FB-428E-7BAA-A1C535AD9547}"
EndProject
Project("{FAE04EC0-301F-11D3-BF4B-00C04F79EFBC}") = "Unity.Burst.Editor", "Unity.Burst.Editor.csproj", "{8D769A60-7956-EA2D-0D9B-05AF6069BC85}"
EndProject
Project("{FAE04EC0-301F-11D3-BF4B-00C04F79EFBC}") = "OccaSoftware.SuperSimpleSkybox.Editor", "OccaSoftware.SuperSimpleSkybox.Editor.csproj", "{5722E06C-C1D0-FF50-5C2B-2CB49C77BD63}"
EndProject
Project("{FAE04EC0-301F-11D3-BF4B-00C04F79EFBC}") = "ToonyColorsPro.Demo.Editor", "ToonyColorsPro.Demo.Editor.csproj", "{AD5E3B1F-AD85-CE98-DCD7-7BF3429DA824}"
EndProject
Project("{FAE04EC0-301F-11D3-BF4B-00C04F79EFBC}") = "CFXR.WelcomeScreen", "CFXR.WelcomeScreen.csproj", "{D22E5256-2AAF-23E4-A235-FD0D31169DF1}"
EndProject
Project("{FAE04EC0-301F-11D3-BF4B-00C04F79EFBC}") = "CFXRDemo", "CFXRDemo.csproj", "{63CC35C5-3B99-4DBD-461A-2791AA4A6F26}"
EndProject
Project("{FAE04EC0-301F-11D3-BF4B-00C04F79EFBC}") = "Unity.Mathematics.Editor", "Unity.Mathematics.Editor.csproj", "{4DAC98EC-554B-6D24-5F0F-34601CCDCCE8}"
EndProject
Project("{FAE04EC0-301F-11D3-BF4B-00C04F79EFBC}") = "CFXRRuntime", "CFXRRuntime.csproj", "{64E8DE3C-DD7A-5CB3-CE4E-8B941323D7F3}"
EndProject
Project("{FAE04EC0-301F-11D3-BF4B-00C04F79EFBC}") = "KinoBloom.Runtime", "KinoBloom.Runtime.csproj", "{84166465-4A34-530D-18CA-1BE40643B88D}"
EndProject
Project("{FAE04EC0-301F-11D3-BF4B-00C04F79EFBC}") = "Unity.VisualScripting.Shared.Editor", "Unity.VisualScripting.Shared.Editor.csproj", "{B28A9D09-5F7C-2A8A-C62E-52C99E662559}"
EndProject
Project("{FAE04EC0-301F-11D3-BF4B-00C04F79EFBC}") = "OccaSoftware.SuperSimpleSkybox.Demo", "OccaSoftware.SuperSimpleSkybox.Demo.csproj", "{63BB7A0B-B52A-9364-9933-C7378882FB90}"
EndProject
Project("{FAE04EC0-301F-11D3-BF4B-00C04F79EFBC}") = "Unity.CollabProxy.Editor", "Unity.CollabProxy.Editor.csproj", "{32068A20-3BBB-5C06-8F5B-2330CFCE915D}"
EndProject
Global
	GlobalSection(SolutionConfigurationPlatforms) = preSolution
		Debug|Any CPU = Debug|Any CPU
		Release|Any CPU = Release|Any CPU
	EndGlobalSection
	GlobalSection(ProjectConfigurationPlatforms) = postSolution
		{84068216-F05E-C1F8-F7DD-67999CBBE322}.Debug|Any CPU.ActiveCfg = Debug|Any CPU
		{84068216-F05E-C1F8-F7DD-67999CBBE322}.Debug|Any CPU.Build.0 = Debug|Any CPU
		{84068216-F05E-C1F8-F7DD-67999CBBE322}.Release|Any CPU.ActiveCfg = Release|Any CPU
		{84068216-F05E-C1F8-F7DD-67999CBBE322}.Release|Any CPU.Build.0 = Release|Any CPU
		{847CB78C-CE26-3B65-1918-F76E4E17C84C}.Debug|Any CPU.ActiveCfg = Debug|Any CPU
		{847CB78C-CE26-3B65-1918-F76E4E17C84C}.Debug|Any CPU.Build.0 = Debug|Any CPU
		{847CB78C-CE26-3B65-1918-F76E4E17C84C}.Release|Any CPU.ActiveCfg = Release|Any CPU
		{847CB78C-CE26-3B65-1918-F76E4E17C84C}.Release|Any CPU.Build.0 = Release|Any CPU
		{D4856B63-6835-527E-9454-8599BD1515B1}.Debug|Any CPU.ActiveCfg = Debug|Any CPU
		{D4856B63-6835-527E-9454-8599BD1515B1}.Debug|Any CPU.Build.0 = Debug|Any CPU
		{D4856B63-6835-527E-9454-8599BD1515B1}.Release|Any CPU.ActiveCfg = Release|Any CPU
		{D4856B63-6835-527E-9454-8599BD1515B1}.Release|Any CPU.Build.0 = Release|Any CPU
		{7EE499AB-519D-DFE8-EF82-394B7EEF8DEF}.Debug|Any CPU.ActiveCfg = Debug|Any CPU
		{7EE499AB-519D-DFE8-EF82-394B7EEF8DEF}.Debug|Any CPU.Build.0 = Debug|Any CPU
		{7EE499AB-519D-DFE8-EF82-394B7EEF8DEF}.Release|Any CPU.ActiveCfg = Release|Any CPU
		{7EE499AB-519D-DFE8-EF82-394B7EEF8DEF}.Release|Any CPU.Build.0 = Release|Any CPU
		{7EE384B3-D289-A4BC-8509-8A40DBF0971A}.Debug|Any CPU.ActiveCfg = Debug|Any CPU
		{7EE384B3-D289-A4BC-8509-8A40DBF0971A}.Debug|Any CPU.Build.0 = Debug|Any CPU
		{7EE384B3-D289-A4BC-8509-8A40DBF0971A}.Release|Any CPU.ActiveCfg = Release|Any CPU
		{7EE384B3-D289-A4BC-8509-8A40DBF0971A}.Release|Any CPU.Build.0 = Release|Any CPU
		{F67E9715-A330-E330-092E-46E10DB07B9C}.Debug|Any CPU.ActiveCfg = Debug|Any CPU
		{F67E9715-A330-E330-092E-46E10DB07B9C}.Debug|Any CPU.Build.0 = Debug|Any CPU
		{F67E9715-A330-E330-092E-46E10DB07B9C}.Release|Any CPU.ActiveCfg = Release|Any CPU
		{F67E9715-A330-E330-092E-46E10DB07B9C}.Release|Any CPU.Build.0 = Release|Any CPU
		{92CE7846-4FBB-84BE-240C-DF20FEA8E892}.Debug|Any CPU.ActiveCfg = Debug|Any CPU
		{92CE7846-4FBB-84BE-240C-DF20FEA8E892}.Debug|Any CPU.Build.0 = Debug|Any CPU
		{92CE7846-4FBB-84BE-240C-DF20FEA8E892}.Release|Any CPU.ActiveCfg = Release|Any CPU
		{92CE7846-4FBB-84BE-240C-DF20FEA8E892}.Release|Any CPU.Build.0 = Release|Any CPU
		{16AFEA09-33B0-2F74-E772-AB91D4D96425}.Debug|Any CPU.ActiveCfg = Debug|Any CPU
		{16AFEA09-33B0-2F74-E772-AB91D4D96425}.Debug|Any CPU.Build.0 = Debug|Any CPU
		{16AFEA09-33B0-2F74-E772-AB91D4D96425}.Release|Any CPU.ActiveCfg = Release|Any CPU
		{16AFEA09-33B0-2F74-E772-AB91D4D96425}.Release|Any CPU.Build.0 = Release|Any CPU
		{FBDCF933-5328-B871-37D4-5D0700B64969}.Debug|Any CPU.ActiveCfg = Debug|Any CPU
		{FBDCF933-5328-B871-37D4-5D0700B64969}.Debug|Any CPU.Build.0 = Debug|Any CPU
		{FBDCF933-5328-B871-37D4-5D0700B64969}.Release|Any CPU.ActiveCfg = Release|Any CPU
		{FBDCF933-5328-B871-37D4-5D0700B64969}.Release|Any CPU.Build.0 = Release|Any CPU
		{CEB58528-C4F0-5C44-802A-BC5238E9B1E1}.Debug|Any CPU.ActiveCfg = Debug|Any CPU
		{CEB58528-C4F0-5C44-802A-BC5238E9B1E1}.Debug|Any CPU.Build.0 = Debug|Any CPU
		{CEB58528-C4F0-5C44-802A-BC5238E9B1E1}.Release|Any CPU.ActiveCfg = Release|Any CPU
		{CEB58528-C4F0-5C44-802A-BC5238E9B1E1}.Release|Any CPU.Build.0 = Release|Any CPU
		{628C4619-0400-02BD-A6F0-C1692E3B6520}.Debug|Any CPU.ActiveCfg = Debug|Any CPU
		{628C4619-0400-02BD-A6F0-C1692E3B6520}.Debug|Any CPU.Build.0 = Debug|Any CPU
		{628C4619-0400-02BD-A6F0-C1692E3B6520}.Release|Any CPU.ActiveCfg = Release|Any CPU
		{628C4619-0400-02BD-A6F0-C1692E3B6520}.Release|Any CPU.Build.0 = Release|Any CPU
		{59919EBE-6A61-9673-F189-C7ED8CAE56D5}.Debug|Any CPU.ActiveCfg = Debug|Any CPU
		{59919EBE-6A61-9673-F189-C7ED8CAE56D5}.Debug|Any CPU.Build.0 = Debug|Any CPU
		{59919EBE-6A61-9673-F189-C7ED8CAE56D5}.Release|Any CPU.ActiveCfg = Release|Any CPU
		{59919EBE-6A61-9673-F189-C7ED8CAE56D5}.Release|Any CPU.Build.0 = Release|Any CPU
		{854701F2-91DB-0143-498F-1454EBA695C6}.Debug|Any CPU.ActiveCfg = Debug|Any CPU
		{854701F2-91DB-0143-498F-1454EBA695C6}.Debug|Any CPU.Build.0 = Debug|Any CPU
		{854701F2-91DB-0143-498F-1454EBA695C6}.Release|Any CPU.ActiveCfg = Release|Any CPU
		{854701F2-91DB-0143-498F-1454EBA695C6}.Release|Any CPU.Build.0 = Release|Any CPU
		{58EF43A0-8EDE-577F-1383-359EA30A7F3A}.Debug|Any CPU.ActiveCfg = Debug|Any CPU
		{58EF43A0-8EDE-577F-1383-359EA30A7F3A}.Debug|Any CPU.Build.0 = Debug|Any CPU
		{58EF43A0-8EDE-577F-1383-359EA30A7F3A}.Release|Any CPU.ActiveCfg = Release|Any CPU
		{58EF43A0-8EDE-577F-1383-359EA30A7F3A}.Release|Any CPU.Build.0 = Release|Any CPU
		{5A018995-AC8C-FB7C-2A88-814FC5F78DDF}.Debug|Any CPU.ActiveCfg = Debug|Any CPU
		{5A018995-AC8C-FB7C-2A88-814FC5F78DDF}.Debug|Any CPU.Build.0 = Debug|Any CPU
		{5A018995-AC8C-FB7C-2A88-814FC5F78DDF}.Release|Any CPU.ActiveCfg = Release|Any CPU
		{5A018995-AC8C-FB7C-2A88-814FC5F78DDF}.Release|Any CPU.Build.0 = Release|Any CPU
		{889C699D-9B1C-4301-086E-80B4571A3197}.Debug|Any CPU.ActiveCfg = Debug|Any CPU
		{889C699D-9B1C-4301-086E-80B4571A3197}.Debug|Any CPU.Build.0 = Debug|Any CPU
		{889C699D-9B1C-4301-086E-80B4571A3197}.Release|Any CPU.ActiveCfg = Release|Any CPU
		{889C699D-9B1C-4301-086E-80B4571A3197}.Release|Any CPU.Build.0 = Release|Any CPU
		{1E43A89D-88DE-E9DD-85B9-50563888E289}.Debug|Any CPU.ActiveCfg = Debug|Any CPU
		{1E43A89D-88DE-E9DD-85B9-50563888E289}.Debug|Any CPU.Build.0 = Debug|Any CPU
		{1E43A89D-88DE-E9DD-85B9-50563888E289}.Release|Any CPU.ActiveCfg = Release|Any CPU
		{1E43A89D-88DE-E9DD-85B9-50563888E289}.Release|Any CPU.Build.0 = Release|Any CPU
		{D211C2B7-2734-D97A-E55E-B95DB78F487A}.Debug|Any CPU.ActiveCfg = Debug|Any CPU
		{D211C2B7-2734-D97A-E55E-B95DB78F487A}.Debug|Any CPU.Build.0 = Debug|Any CPU
		{D211C2B7-2734-D97A-E55E-B95DB78F487A}.Release|Any CPU.ActiveCfg = Release|Any CPU
		{D211C2B7-2734-D97A-E55E-B95DB78F487A}.Release|Any CPU.Build.0 = Release|Any CPU
		{44DBB6BC-3DA9-C47D-C46D-5E0F676E27D6}.Debug|Any CPU.ActiveCfg = Debug|Any CPU
		{44DBB6BC-3DA9-C47D-C46D-5E0F676E27D6}.Debug|Any CPU.Build.0 = Debug|Any CPU
		{44DBB6BC-3DA9-C47D-C46D-5E0F676E27D6}.Release|Any CPU.ActiveCfg = Release|Any CPU
		{44DBB6BC-3DA9-C47D-C46D-5E0F676E27D6}.Release|Any CPU.Build.0 = Release|Any CPU
		{7FC9ECF0-0632-52FC-9AA7-AF7CD14898A0}.Debug|Any CPU.ActiveCfg = Debug|Any CPU
		{7FC9ECF0-0632-52FC-9AA7-AF7CD14898A0}.Debug|Any CPU.Build.0 = Debug|Any CPU
		{7FC9ECF0-0632-52FC-9AA7-AF7CD14898A0}.Release|Any CPU.ActiveCfg = Release|Any CPU
		{7FC9ECF0-0632-52FC-9AA7-AF7CD14898A0}.Release|Any CPU.Build.0 = Release|Any CPU
		{13213BE4-2023-A275-6D78-4594A2A8637E}.Debug|Any CPU.ActiveCfg = Debug|Any CPU
		{13213BE4-2023-A275-6D78-4594A2A8637E}.Debug|Any CPU.Build.0 = Debug|Any CPU
		{13213BE4-2023-A275-6D78-4594A2A8637E}.Release|Any CPU.ActiveCfg = Release|Any CPU
		{13213BE4-2023-A275-6D78-4594A2A8637E}.Release|Any CPU.Build.0 = Release|Any CPU
		{9A83896A-120B-3D97-D38A-AC51FA8333AE}.Debug|Any CPU.ActiveCfg = Debug|Any CPU
		{9A83896A-120B-3D97-D38A-AC51FA8333AE}.Debug|Any CPU.Build.0 = Debug|Any CPU
		{9A83896A-120B-3D97-D38A-AC51FA8333AE}.Release|Any CPU.ActiveCfg = Release|Any CPU
		{9A83896A-120B-3D97-D38A-AC51FA8333AE}.Release|Any CPU.Build.0 = Release|Any CPU
		{13448129-0462-3867-7326-75C5B35C5E69}.Debug|Any CPU.ActiveCfg = Debug|Any CPU
		{13448129-0462-3867-7326-75C5B35C5E69}.Debug|Any CPU.Build.0 = Debug|Any CPU
		{13448129-0462-3867-7326-75C5B35C5E69}.Release|Any CPU.ActiveCfg = Release|Any CPU
		{13448129-0462-3867-7326-75C5B35C5E69}.Release|Any CPU.Build.0 = Release|Any CPU
		{80BF40DA-72A1-B422-058A-FE6A9290164F}.Debug|Any CPU.ActiveCfg = Debug|Any CPU
		{80BF40DA-72A1-B422-058A-FE6A9290164F}.Debug|Any CPU.Build.0 = Debug|Any CPU
		{80BF40DA-72A1-B422-058A-FE6A9290164F}.Release|Any CPU.ActiveCfg = Release|Any CPU
		{80BF40DA-72A1-B422-058A-FE6A9290164F}.Release|Any CPU.Build.0 = Release|Any CPU
		{E116A308-5F29-331E-CB3B-85BBDB329A55}.Debug|Any CPU.ActiveCfg = Debug|Any CPU
		{E116A308-5F29-331E-CB3B-85BBDB329A55}.Debug|Any CPU.Build.0 = Debug|Any CPU
		{E116A308-5F29-331E-CB3B-85BBDB329A55}.Release|Any CPU.ActiveCfg = Release|Any CPU
		{E116A308-5F29-331E-CB3B-85BBDB329A55}.Release|Any CPU.Build.0 = Release|Any CPU
		{270D5960-7AA4-9615-C6BC-FF649A782134}.Debug|Any CPU.ActiveCfg = Debug|Any CPU
		{270D5960-7AA4-9615-C6BC-FF649A782134}.Debug|Any CPU.Build.0 = Debug|Any CPU
		{270D5960-7AA4-9615-C6BC-FF649A782134}.Release|Any CPU.ActiveCfg = Release|Any CPU
		{270D5960-7AA4-9615-C6BC-FF649A782134}.Release|Any CPU.Build.0 = Release|Any CPU
		{CCABE9F5-A600-E2F0-7815-E0F7B194F035}.Debug|Any CPU.ActiveCfg = Debug|Any CPU
		{CCABE9F5-A600-E2F0-7815-E0F7B194F035}.Debug|Any CPU.Build.0 = Debug|Any CPU
		{CCABE9F5-A600-E2F0-7815-E0F7B194F035}.Release|Any CPU.ActiveCfg = Release|Any CPU
		{CCABE9F5-A600-E2F0-7815-E0F7B194F035}.Release|Any CPU.Build.0 = Release|Any CPU
		{44A1F9B5-6BF9-6141-36C9-E68BC285E178}.Debug|Any CPU.ActiveCfg = Debug|Any CPU
		{44A1F9B5-6BF9-6141-36C9-E68BC285E178}.Debug|Any CPU.Build.0 = Debug|Any CPU
		{44A1F9B5-6BF9-6141-36C9-E68BC285E178}.Release|Any CPU.ActiveCfg = Release|Any CPU
		{44A1F9B5-6BF9-6141-36C9-E68BC285E178}.Release|Any CPU.Build.0 = Release|Any CPU
		{3B818AB6-3A52-A22C-0CB3-9F171E3BE56F}.Debug|Any CPU.ActiveCfg = Debug|Any CPU
		{3B818AB6-3A52-A22C-0CB3-9F171E3BE56F}.Debug|Any CPU.Build.0 = Debug|Any CPU
		{3B818AB6-3A52-A22C-0CB3-9F171E3BE56F}.Release|Any CPU.ActiveCfg = Release|Any CPU
		{3B818AB6-3A52-A22C-0CB3-9F171E3BE56F}.Release|Any CPU.Build.0 = Release|Any CPU
		{BDEC6256-41FB-428E-7BAA-A1C535AD9547}.Debug|Any CPU.ActiveCfg = Debug|Any CPU
		{BDEC6256-41FB-428E-7BAA-A1C535AD9547}.Debug|Any CPU.Build.0 = Debug|Any CPU
		{BDEC6256-41FB-428E-7BAA-A1C535AD9547}.Release|Any CPU.ActiveCfg = Release|Any CPU
		{BDEC6256-41FB-428E-7BAA-A1C535AD9547}.Release|Any CPU.Build.0 = Release|Any CPU
		{8D769A60-7956-EA2D-0D9B-05AF6069BC85}.Debug|Any CPU.ActiveCfg = Debug|Any CPU
		{8D769A60-7956-EA2D-0D9B-05AF6069BC85}.Debug|Any CPU.Build.0 = Debug|Any CPU
		{8D769A60-7956-EA2D-0D9B-05AF6069BC85}.Release|Any CPU.ActiveCfg = Release|Any CPU
		{8D769A60-7956-EA2D-0D9B-05AF6069BC85}.Release|Any CPU.Build.0 = Release|Any CPU
		{5722E06C-C1D0-FF50-5C2B-2CB49C77BD63}.Debug|Any CPU.ActiveCfg = Debug|Any CPU
		{5722E06C-C1D0-FF50-5C2B-2CB49C77BD63}.Debug|Any CPU.Build.0 = Debug|Any CPU
		{5722E06C-C1D0-FF50-5C2B-2CB49C77BD63}.Release|Any CPU.ActiveCfg = Release|Any CPU
		{5722E06C-C1D0-FF50-5C2B-2CB49C77BD63}.Release|Any CPU.Build.0 = Release|Any CPU
		{AD5E3B1F-AD85-CE98-DCD7-7BF3429DA824}.Debug|Any CPU.ActiveCfg = Debug|Any CPU
		{AD5E3B1F-AD85-CE98-DCD7-7BF3429DA824}.Debug|Any CPU.Build.0 = Debug|Any CPU
		{AD5E3B1F-AD85-CE98-DCD7-7BF3429DA824}.Release|Any CPU.ActiveCfg = Release|Any CPU
		{AD5E3B1F-AD85-CE98-DCD7-7BF3429DA824}.Release|Any CPU.Build.0 = Release|Any CPU
		{D22E5256-2AAF-23E4-A235-FD0D31169DF1}.Debug|Any CPU.ActiveCfg = Debug|Any CPU
		{D22E5256-2AAF-23E4-A235-FD0D31169DF1}.Debug|Any CPU.Build.0 = Debug|Any CPU
		{D22E5256-2AAF-23E4-A235-FD0D31169DF1}.Release|Any CPU.ActiveCfg = Release|Any CPU
		{D22E5256-2AAF-23E4-A235-FD0D31169DF1}.Release|Any CPU.Build.0 = Release|Any CPU
		{63CC35C5-3B99-4DBD-461A-2791AA4A6F26}.Debug|Any CPU.ActiveCfg = Debug|Any CPU
		{63CC35C5-3B99-4DBD-461A-2791AA4A6F26}.Debug|Any CPU.Build.0 = Debug|Any CPU
		{63CC35C5-3B99-4DBD-461A-2791AA4A6F26}.Release|Any CPU.ActiveCfg = Release|Any CPU
		{63CC35C5-3B99-4DBD-461A-2791AA4A6F26}.Release|Any CPU.Build.0 = Release|Any CPU
		{4DAC98EC-554B-6D24-5F0F-34601CCDCCE8}.Debug|Any CPU.ActiveCfg = Debug|Any CPU
		{4DAC98EC-554B-6D24-5F0F-34601CCDCCE8}.Debug|Any CPU.Build.0 = Debug|Any CPU
		{4DAC98EC-554B-6D24-5F0F-34601CCDCCE8}.Release|Any CPU.ActiveCfg = Release|Any CPU
		{4DAC98EC-554B-6D24-5F0F-34601CCDCCE8}.Release|Any CPU.Build.0 = Release|Any CPU
		{64E8DE3C-DD7A-5CB3-CE4E-8B941323D7F3}.Debug|Any CPU.ActiveCfg = Debug|Any CPU
		{64E8DE3C-DD7A-5CB3-CE4E-8B941323D7F3}.Debug|Any CPU.Build.0 = Debug|Any CPU
		{64E8DE3C-DD7A-5CB3-CE4E-8B941323D7F3}.Release|Any CPU.ActiveCfg = Release|Any CPU
		{64E8DE3C-DD7A-5CB3-CE4E-8B941323D7F3}.Release|Any CPU.Build.0 = Release|Any CPU
		{84166465-4A34-530D-18CA-1BE40643B88D}.Debug|Any CPU.ActiveCfg = Debug|Any CPU
		{84166465-4A34-530D-18CA-1BE40643B88D}.Debug|Any CPU.Build.0 = Debug|Any CPU
		{84166465-4A34-530D-18CA-1BE40643B88D}.Release|Any CPU.ActiveCfg = Release|Any CPU
		{84166465-4A34-530D-18CA-1BE40643B88D}.Release|Any CPU.Build.0 = Release|Any CPU
		{B28A9D09-5F7C-2A8A-C62E-52C99E662559}.Debug|Any CPU.ActiveCfg = Debug|Any CPU
		{B28A9D09-5F7C-2A8A-C62E-52C99E662559}.Debug|Any CPU.Build.0 = Debug|Any CPU
		{B28A9D09-5F7C-2A8A-C62E-52C99E662559}.Release|Any CPU.ActiveCfg = Release|Any CPU
		{B28A9D09-5F7C-2A8A-C62E-52C99E662559}.Release|Any CPU.Build.0 = Release|Any CPU
		{63BB7A0B-B52A-9364-9933-C7378882FB90}.Debug|Any CPU.ActiveCfg = Debug|Any CPU
		{63BB7A0B-B52A-9364-9933-C7378882FB90}.Debug|Any CPU.Build.0 = Debug|Any CPU
		{63BB7A0B-B52A-9364-9933-C7378882FB90}.Release|Any CPU.ActiveCfg = Release|Any CPU
		{63BB7A0B-B52A-9364-9933-C7378882FB90}.Release|Any CPU.Build.0 = Release|Any CPU
		{32068A20-3BBB-5C06-8F5B-2330CFCE915D}.Debug|Any CPU.ActiveCfg = Debug|Any CPU
		{32068A20-3BBB-5C06-8F5B-2330CFCE915D}.Debug|Any CPU.Build.0 = Debug|Any CPU
		{32068A20-3BBB-5C06-8F5B-2330CFCE915D}.Release|Any CPU.ActiveCfg = Release|Any CPU
		{32068A20-3BBB-5C06-8F5B-2330CFCE915D}.Release|Any CPU.Build.0 = Release|Any CPU
	EndGlobalSection
	GlobalSection(SolutionProperties) = preSolution
		HideSolutionNode = FALSE
	EndGlobalSection
	GlobalSection(ExtensibilityGlobals) = postSolution
		SolutionGuid = {02B2624D-8157-4F0E-B8B9-6E81633E4A47}
	EndGlobalSection
EndGlobal
