
Microsoft Visual Studio Solution File, Format Version 12.00
# Visual Studio 15
Project("{FAE04EC0-301F-11D3-BF4B-00C04F79EFBC}") = "OccaSoftware.SuperSimpleSkybox.Runtime", "OccaSoftware.SuperSimpleSkybox.Runtime.csproj", "{1E43A89D-88DE-E9DD-85B9-50563888E289}"
EndProject
Project("{FAE04EC0-301F-11D3-BF4B-00C04F79EFBC}") = "Assembly-CSharp", "Assembly-CSharp.csproj", "{1EE98971-DB57-CCE3-EB35-7D60258BAC4D}"
Project("{FAE04EC0-301F-11D3-BF4B-00C04F79EFBC}") = "Unity.Timeline", "Unity.Timeline.csproj", "{847CB78C-CE26-3B65-1918-F76E4E17C84C}"
EndProject
Project("{FAE04EC0-301F-11D3-BF4B-00C04F79EFBC}") = "Unity.Timeline.Editor", "Unity.Timeline.Editor.csproj", "{D4856B63-6835-527E-9454-8599BD1515B1}"
EndProject
Project("{FAE04EC0-301F-11D3-BF4B-00C04F79EFBC}") = "Unity.TextMeshPro.Editor", "Unity.TextMeshPro.Editor.csproj", "{7EE499AB-519D-DFE8-EF82-394B7EEF8DEF}"
EndProject
Project("{FAE04EC0-301F-11D3-BF4B-00C04F79EFBC}") = "Unity.VisualScripting.Flow", "Unity.VisualScripting.Flow.csproj", "{7EE384B3-D289-A4BC-8509-8A40DBF0971A}"
EndProject
Project("{FAE04EC0-301F-11D3-BF4B-00C04F79EFBC}") = "Unity.PlasticSCM.Editor", "Unity.PlasticSCM.Editor.csproj", "{F67E9715-A330-E330-092E-46E10DB07B9C}"
EndProject
Project("{FAE04EC0-301F-11D3-BF4B-00C04F79EFBC}") = "Unity.VisualScripting.Core", "Unity.VisualScripting.Core.csproj", "{92CE7846-4FBB-84BE-240C-DF20FEA8E892}"
EndProject
Project("{FAE04EC0-301F-11D3-BF4B-00C04F79EFBC}") = "Unity.Mathematics", "Unity.Mathematics.csproj", "{16AFEA09-33B0-2F74-E772-AB91D4D96425}"
EndProject
Project("{FAE04EC0-301F-11D3-BF4B-00C04F79EFBC}") = "Unity.VisualScripting.Core.Editor", "Unity.VisualScripting.Core.Editor.csproj", "{CEB58528-C4F0-5C44-802A-BC5238E9B1E1}"
EndProject
Project("{FAE04EC0-301F-11D3-BF4B-00C04F79EFBC}") = "Unity.VisualScripting.Flow.Editor", "Unity.VisualScripting.Flow.Editor.csproj", "{628C4619-0400-02BD-A6F0-C1692E3B6520}"
EndProject
Project("{FAE04EC0-301F-11D3-BF4B-00C04F79EFBC}") = "UnityEditor.TestRunner", "UnityEditor.TestRunner.csproj", "{59919EBE-6A61-9673-F189-C7ED8CAE56D5}"
EndProject
Project("{FAE04EC0-301F-11D3-BF4B-00C04F79EFBC}") = "Unity.VisualScripting.SettingsProvider.Editor", "Unity.VisualScripting.SettingsProvider.Editor.csproj", "{854701F2-91DB-0143-498F-1454EBA695C6}"
EndProject
Project("{FAE04EC0-301F-11D3-BF4B-00C04F79EFBC}") = "UnityEngine.TestRunner", "UnityEngine.TestRunner.csproj", "{58EF43A0-8EDE-577F-1383-359EA30A7F3A}"
EndProject
Project("{FAE04EC0-301F-11D3-BF4B-00C04F79EFBC}") = "Unity.Searcher.Editor", "Unity.Searcher.Editor.csproj", "{5A018995-AC8C-FB7C-2A88-814FC5F78DDF}"
EndProject
Project("{FAE04EC0-301F-11D3-BF4B-00C04F79EFBC}") = "Unity.Burst", "Unity.Burst.csproj", "{889C699D-9B1C-4301-086E-80B4571A3197}"
EndProject
Project("{FAE04EC0-301F-11D3-BF4B-00C04F79EFBC}") = "Unity.VisualStudio.Editor", "Unity.VisualStudio.Editor.csproj", "{D211C2B7-2734-D97A-E55E-B95DB78F487A}"
EndProject
Project("{FAE04EC0-301F-11D3-BF4B-00C04F79EFBC}") = "Unity.Rider.Editor", "Unity.Rider.Editor.csproj", "{13213BE4-2023-A275-6D78-4594A2A8637E}"
EndProject
Project("{FAE04EC0-301F-11D3-BF4B-00C04F79EFBC}") = "Unity.VisualScripting.State.Editor", "Unity.VisualScripting.State.Editor.csproj", "{13448129-0462-3867-7326-75C5B35C5E69}"
EndProject
Project("{FAE04EC0-301F-11D3-BF4B-00C04F79EFBC}") = "Assembly-CSharp", "Assembly-CSharp.csproj", "{84068216-F05E-C1F8-F7DD-67999CBBE322}"
EndProject
Project("{FAE04EC0-301F-11D3-BF4B-00C04F79EFBC}") = "Unity.Burst.CodeGen", "Unity.Burst.CodeGen.csproj", "{80BF40DA-72A1-B422-058A-FE6A9290164F}"
EndProject
Project("{FAE04EC0-301F-11D3-BF4B-00C04F79EFBC}") = "Unity.VisualScripting.State", "Unity.VisualScripting.State.csproj", "{270D5960-7AA4-9615-C6BC-FF649A782134}"
EndProject
Project("{FAE04EC0-301F-11D3-BF4B-00C04F79EFBC}") = "Unity.TextMeshPro", "Unity.TextMeshPro.csproj", "{CCABE9F5-A600-E2F0-7815-E0F7B194F035}"
EndProject
Project("{FAE04EC0-301F-11D3-BF4B-00C04F79EFBC}") = "Assembly-CSharp-firstpass", "Assembly-CSharp-firstpass.csproj", "{3B818AB6-3A52-A22C-0CB3-9F171E3BE56F}"
EndProject
Project("{FAE04EC0-301F-11D3-BF4B-00C04F79EFBC}") = "Unity.VSCode.Editor", "Unity.VSCode.Editor.csproj", "{BDEC6256-41FB-428E-7BAA-A1C535AD9547}"
EndProject
Project("{FAE04EC0-301F-11D3-BF4B-00C04F79EFBC}") = "Unity.Burst.Editor", "Unity.Burst.Editor.csproj", "{8D769A60-7956-EA2D-0D9B-05AF6069BC85}"
EndProject
Project("{FAE04EC0-301F-11D3-BF4B-00C04F79EFBC}") = "Unity.Mathematics.Editor", "Unity.Mathematics.Editor.csproj", "{4DAC98EC-554B-6D24-5F0F-34601CCDCCE8}"
EndProject
Project("{FAE04EC0-301F-11D3-BF4B-00C04F79EFBC}") = "Unity.VisualScripting.Shared.Editor", "Unity.VisualScripting.Shared.Editor.csproj", "{B28A9D09-5F7C-2A8A-C62E-52C99E662559}"
EndProject
Project("{FAE04EC0-301F-11D3-BF4B-00C04F79EFBC}") = "Unity.CollabProxy.Editor", "Unity.CollabProxy.Editor.csproj", "{32068A20-3BBB-5C06-8F5B-2330CFCE915D}"
EndProject
Project("{FAE04EC0-301F-11D3-BF4B-00C04F79EFBC}") = "OccaSoftware.SuperSimpleSkybox.Editor", "OccaSoftware.SuperSimpleSkybox.Editor.csproj", "{FE0BD25A-5864-13D6-C85D-9CE8DB78CC0B}"
EndProject
Project("{FAE04EC0-301F-11D3-BF4B-00C04F79EFBC}") = "OccaSoftware.SuperSimpleSkybox.Demo", "OccaSoftware.SuperSimpleSkybox.Demo.csproj", "{FA33F588-D01F-4B7E-9E7A-472109C48276}"
EndProject
Global
	GlobalSection(SolutionConfigurationPlatforms) = preSolution
		Debug|Any CPU = Debug|Any CPU
		Release|Any CPU = Release|Any CPU
	EndGlobalSection
	GlobalSection(ProjectConfigurationPlatforms) = postSolution
		{1E43A89D-88DE-E9DD-85B9-50563888E289}.Debug|Any CPU.ActiveCfg = Debug|Any CPU
		{1E43A89D-88DE-E9DD-85B9-50563888E289}.Debug|Any CPU.Build.0 = Debug|Any CPU
		{1E43A89D-88DE-E9DD-85B9-50563888E289}.Release|Any CPU.ActiveCfg = Release|Any CPU
		{1E43A89D-88DE-E9DD-85B9-50563888E289}.Release|Any CPU.Build.0 = Release|Any CPU
		{1EE98971-DB57-CCE3-EB35-7D60258BAC4D}.Debug|Any CPU.ActiveCfg = Debug|Any CPU
		{1EE98971-DB57-CCE3-EB35-7D60258BAC4D}.Debug|Any CPU.Build.0 = Debug|Any CPU
		{1EE98971-DB57-CCE3-EB35-7D60258BAC4D}.Release|Any CPU.ActiveCfg = Release|Any CPU
		{1EE98971-DB57-CCE3-EB35-7D60258BAC4D}.Release|Any CPU.Build.0 = Release|Any CPU
		{7F56E623-E214-5249-7A68-5A6003024663}.Debug|Any CPU.ActiveCfg = Debug|Any CPU
		{7F56E623-E214-5249-7A68-5A6003024663}.Debug|Any CPU.Build.0 = Debug|Any CPU
		{7F56E623-E214-5249-7A68-5A6003024663}.Release|Any CPU.ActiveCfg = Release|Any CPU
		{7F56E623-E214-5249-7A68-5A6003024663}.Release|Any CPU.Build.0 = Release|Any CPU
		{FE0BD25A-5864-13D6-C85D-9CE8DB78CC0B}.Debug|Any CPU.ActiveCfg = Debug|Any CPU
		{FE0BD25A-5864-13D6-C85D-9CE8DB78CC0B}.Debug|Any CPU.Build.0 = Debug|Any CPU
		{FE0BD25A-5864-13D6-C85D-9CE8DB78CC0B}.Release|Any CPU.ActiveCfg = Release|Any CPU
		{FE0BD25A-5864-13D6-C85D-9CE8DB78CC0B}.Release|Any CPU.Build.0 = Release|Any CPU
		{FA33F588-D01F-4B7E-9E7A-472109C48276}.Debug|Any CPU.ActiveCfg = Debug|Any CPU
		{FA33F588-D01F-4B7E-9E7A-472109C48276}.Debug|Any CPU.Build.0 = Debug|Any CPU
		{FA33F588-D01F-4B7E-9E7A-472109C48276}.Release|Any CPU.ActiveCfg = Release|Any CPU
		{FA33F588-D01F-4B7E-9E7A-472109C48276}.Release|Any CPU.Build.0 = Release|Any CPU
		{847CB78C-CE26-3B65-1918-F76E4E17C84C}.Debug|Any CPU.ActiveCfg = Debug|Any CPU
		{847CB78C-CE26-3B65-1918-F76E4E17C84C}.Debug|Any CPU.Build.0 = Debug|Any CPU
		{847CB78C-CE26-3B65-1918-F76E4E17C84C}.Release|Any CPU.ActiveCfg = Release|Any CPU
		{847CB78C-CE26-3B65-1918-F76E4E17C84C}.Release|Any CPU.Build.0 = Release|Any CPU
		{D4856B63-6835-527E-9454-8599BD1515B1}.Debug|Any CPU.ActiveCfg = Debug|Any CPU
		{D4856B63-6835-527E-9454-8599BD1515B1}.Debug|Any CPU.Build.0 = Debug|Any CPU
		{D4856B63-6835-527E-9454-8599BD1515B1}.Release|Any CPU.ActiveCfg = Release|Any CPU
		{D4856B63-6835-527E-9454-8599BD1515B1}.Release|Any CPU.Build.0 = Release|Any CPU
		{7EE499AB-519D-DFE8-EF82-394B7EEF8DEF}.Debug|Any CPU.ActiveCfg = Debug|Any CPU
		{7EE499AB-519D-DFE8-EF82-394B7EEF8DEF}.Debug|Any CPU.Build.0 = Debug|Any CPU
		{7EE499AB-519D-DFE8-EF82-394B7EEF8DEF}.Release|Any CPU.ActiveCfg = Release|Any CPU
		{7EE499AB-519D-DFE8-EF82-394B7EEF8DEF}.Release|Any CPU.Build.0 = Release|Any CPU
		{7EE384B3-D289-A4BC-8509-8A40DBF0971A}.Debug|Any CPU.ActiveCfg = Debug|Any CPU
		{7EE384B3-D289-A4BC-8509-8A40DBF0971A}.Debug|Any CPU.Build.0 = Debug|Any CPU
		{7EE384B3-D289-A4BC-8509-8A40DBF0971A}.Release|Any CPU.ActiveCfg = Release|Any CPU
		{7EE384B3-D289-A4BC-8509-8A40DBF0971A}.Release|Any CPU.Build.0 = Release|Any CPU
		{F67E9715-A330-E330-092E-46E10DB07B9C}.Debug|Any CPU.ActiveCfg = Debug|Any CPU
		{F67E9715-A330-E330-092E-46E10DB07B9C}.Debug|Any CPU.Build.0 = Debug|Any CPU
		{F67E9715-A330-E330-092E-46E10DB07B9C}.Release|Any CPU.ActiveCfg = Release|Any CPU
		{F67E9715-A330-E330-092E-46E10DB07B9C}.Release|Any CPU.Build.0 = Release|Any CPU
		{92CE7846-4FBB-84BE-240C-DF20FEA8E892}.Debug|Any CPU.ActiveCfg = Debug|Any CPU
		{92CE7846-4FBB-84BE-240C-DF20FEA8E892}.Debug|Any CPU.Build.0 = Debug|Any CPU
		{92CE7846-4FBB-84BE-240C-DF20FEA8E892}.Release|Any CPU.ActiveCfg = Release|Any CPU
		{92CE7846-4FBB-84BE-240C-DF20FEA8E892}.Release|Any CPU.Build.0 = Release|Any CPU
		{16AFEA09-33B0-2F74-E772-AB91D4D96425}.Debug|Any CPU.ActiveCfg = Debug|Any CPU
		{16AFEA09-33B0-2F74-E772-AB91D4D96425}.Debug|Any CPU.Build.0 = Debug|Any CPU
		{16AFEA09-33B0-2F74-E772-AB91D4D96425}.Release|Any CPU.ActiveCfg = Release|Any CPU
		{16AFEA09-33B0-2F74-E772-AB91D4D96425}.Release|Any CPU.Build.0 = Release|Any CPU
		{CEB58528-C4F0-5C44-802A-BC5238E9B1E1}.Debug|Any CPU.ActiveCfg = Debug|Any CPU
		{CEB58528-C4F0-5C44-802A-BC5238E9B1E1}.Debug|Any CPU.Build.0 = Debug|Any CPU
		{CEB58528-C4F0-5C44-802A-BC5238E9B1E1}.Release|Any CPU.ActiveCfg = Release|Any CPU
		{CEB58528-C4F0-5C44-802A-BC5238E9B1E1}.Release|Any CPU.Build.0 = Release|Any CPU
		{628C4619-0400-02BD-A6F0-C1692E3B6520}.Debug|Any CPU.ActiveCfg = Debug|Any CPU
		{628C4619-0400-02BD-A6F0-C1692E3B6520}.Debug|Any CPU.Build.0 = Debug|Any CPU
		{628C4619-0400-02BD-A6F0-C1692E3B6520}.Release|Any CPU.ActiveCfg = Release|Any CPU
		{628C4619-0400-02BD-A6F0-C1692E3B6520}.Release|Any CPU.Build.0 = Release|Any CPU
		{59919EBE-6A61-9673-F189-C7ED8CAE56D5}.Debug|Any CPU.ActiveCfg = Debug|Any CPU
		{59919EBE-6A61-9673-F189-C7ED8CAE56D5}.Debug|Any CPU.Build.0 = Debug|Any CPU
		{59919EBE-6A61-9673-F189-C7ED8CAE56D5}.Release|Any CPU.ActiveCfg = Release|Any CPU
		{59919EBE-6A61-9673-F189-C7ED8CAE56D5}.Release|Any CPU.Build.0 = Release|Any CPU
		{854701F2-91DB-0143-498F-1454EBA695C6}.Debug|Any CPU.ActiveCfg = Debug|Any CPU
		{854701F2-91DB-0143-498F-1454EBA695C6}.Debug|Any CPU.Build.0 = Debug|Any CPU
		{854701F2-91DB-0143-498F-1454EBA695C6}.Release|Any CPU.ActiveCfg = Release|Any CPU
		{854701F2-91DB-0143-498F-1454EBA695C6}.Release|Any CPU.Build.0 = Release|Any CPU
		{58EF43A0-8EDE-577F-1383-359EA30A7F3A}.Debug|Any CPU.ActiveCfg = Debug|Any CPU
		{58EF43A0-8EDE-577F-1383-359EA30A7F3A}.Debug|Any CPU.Build.0 = Debug|Any CPU
		{58EF43A0-8EDE-577F-1383-359EA30A7F3A}.Release|Any CPU.ActiveCfg = Release|Any CPU
		{58EF43A0-8EDE-577F-1383-359EA30A7F3A}.Release|Any CPU.Build.0 = Release|Any CPU
		{5A018995-AC8C-FB7C-2A88-814FC5F78DDF}.Debug|Any CPU.ActiveCfg = Debug|Any CPU
		{5A018995-AC8C-FB7C-2A88-814FC5F78DDF}.Debug|Any CPU.Build.0 = Debug|Any CPU
		{5A018995-AC8C-FB7C-2A88-814FC5F78DDF}.Release|Any CPU.ActiveCfg = Release|Any CPU
		{5A018995-AC8C-FB7C-2A88-814FC5F78DDF}.Release|Any CPU.Build.0 = Release|Any CPU
		{889C699D-9B1C-4301-086E-80B4571A3197}.Debug|Any CPU.ActiveCfg = Debug|Any CPU
		{889C699D-9B1C-4301-086E-80B4571A3197}.Debug|Any CPU.Build.0 = Debug|Any CPU
		{889C699D-9B1C-4301-086E-80B4571A3197}.Release|Any CPU.ActiveCfg = Release|Any CPU
		{889C699D-9B1C-4301-086E-80B4571A3197}.Release|Any CPU.Build.0 = Release|Any CPU
		{D211C2B7-2734-D97A-E55E-B95DB78F487A}.Debug|Any CPU.ActiveCfg = Debug|Any CPU
		{D211C2B7-2734-D97A-E55E-B95DB78F487A}.Debug|Any CPU.Build.0 = Debug|Any CPU
		{D211C2B7-2734-D97A-E55E-B95DB78F487A}.Release|Any CPU.ActiveCfg = Release|Any CPU
		{D211C2B7-2734-D97A-E55E-B95DB78F487A}.Release|Any CPU.Build.0 = Release|Any CPU
		{13213BE4-2023-A275-6D78-4594A2A8637E}.Debug|Any CPU.ActiveCfg = Debug|Any CPU
		{13213BE4-2023-A275-6D78-4594A2A8637E}.Debug|Any CPU.Build.0 = Debug|Any CPU
		{13213BE4-2023-A275-6D78-4594A2A8637E}.Release|Any CPU.ActiveCfg = Release|Any CPU
		{13213BE4-2023-A275-6D78-4594A2A8637E}.Release|Any CPU.Build.0 = Release|Any CPU
		{13448129-0462-3867-7326-75C5B35C5E69}.Debug|Any CPU.ActiveCfg = Debug|Any CPU
		{13448129-0462-3867-7326-75C5B35C5E69}.Debug|Any CPU.Build.0 = Debug|Any CPU
		{13448129-0462-3867-7326-75C5B35C5E69}.Release|Any CPU.ActiveCfg = Release|Any CPU
		{13448129-0462-3867-7326-75C5B35C5E69}.Release|Any CPU.Build.0 = Release|Any CPU
		{84068216-F05E-C1F8-F7DD-67999CBBE322}.Debug|Any CPU.ActiveCfg = Debug|Any CPU
		{84068216-F05E-C1F8-F7DD-67999CBBE322}.Debug|Any CPU.Build.0 = Debug|Any CPU
		{84068216-F05E-C1F8-F7DD-67999CBBE322}.Release|Any CPU.ActiveCfg = Release|Any CPU
		{84068216-F05E-C1F8-F7DD-67999CBBE322}.Release|Any CPU.Build.0 = Release|Any CPU
		{80BF40DA-72A1-B422-058A-FE6A9290164F}.Debug|Any CPU.ActiveCfg = Debug|Any CPU
		{80BF40DA-72A1-B422-058A-FE6A9290164F}.Debug|Any CPU.Build.0 = Debug|Any CPU
		{80BF40DA-72A1-B422-058A-FE6A9290164F}.Release|Any CPU.ActiveCfg = Release|Any CPU
		{80BF40DA-72A1-B422-058A-FE6A9290164F}.Release|Any CPU.Build.0 = Release|Any CPU
		{270D5960-7AA4-9615-C6BC-FF649A782134}.Debug|Any CPU.ActiveCfg = Debug|Any CPU
		{270D5960-7AA4-9615-C6BC-FF649A782134}.Debug|Any CPU.Build.0 = Debug|Any CPU
		{270D5960-7AA4-9615-C6BC-FF649A782134}.Release|Any CPU.ActiveCfg = Release|Any CPU
		{270D5960-7AA4-9615-C6BC-FF649A782134}.Release|Any CPU.Build.0 = Release|Any CPU
		{CCABE9F5-A600-E2F0-7815-E0F7B194F035}.Debug|Any CPU.ActiveCfg = Debug|Any CPU
		{CCABE9F5-A600-E2F0-7815-E0F7B194F035}.Debug|Any CPU.Build.0 = Debug|Any CPU
		{CCABE9F5-A600-E2F0-7815-E0F7B194F035}.Release|Any CPU.ActiveCfg = Release|Any CPU
		{CCABE9F5-A600-E2F0-7815-E0F7B194F035}.Release|Any CPU.Build.0 = Release|Any CPU
		{3B818AB6-3A52-A22C-0CB3-9F171E3BE56F}.Debug|Any CPU.ActiveCfg = Debug|Any CPU
		{3B818AB6-3A52-A22C-0CB3-9F171E3BE56F}.Debug|Any CPU.Build.0 = Debug|Any CPU
		{3B818AB6-3A52-A22C-0CB3-9F171E3BE56F}.Release|Any CPU.ActiveCfg = Release|Any CPU
		{3B818AB6-3A52-A22C-0CB3-9F171E3BE56F}.Release|Any CPU.Build.0 = Release|Any CPU
		{BDEC6256-41FB-428E-7BAA-A1C535AD9547}.Debug|Any CPU.ActiveCfg = Debug|Any CPU
		{BDEC6256-41FB-428E-7BAA-A1C535AD9547}.Debug|Any CPU.Build.0 = Debug|Any CPU
		{BDEC6256-41FB-428E-7BAA-A1C535AD9547}.Release|Any CPU.ActiveCfg = Release|Any CPU
		{BDEC6256-41FB-428E-7BAA-A1C535AD9547}.Release|Any CPU.Build.0 = Release|Any CPU
		{8D769A60-7956-EA2D-0D9B-05AF6069BC85}.Debug|Any CPU.ActiveCfg = Debug|Any CPU
		{8D769A60-7956-EA2D-0D9B-05AF6069BC85}.Debug|Any CPU.Build.0 = Debug|Any CPU
		{8D769A60-7956-EA2D-0D9B-05AF6069BC85}.Release|Any CPU.ActiveCfg = Release|Any CPU
		{8D769A60-7956-EA2D-0D9B-05AF6069BC85}.Release|Any CPU.Build.0 = Release|Any CPU
		{4DAC98EC-554B-6D24-5F0F-34601CCDCCE8}.Debug|Any CPU.ActiveCfg = Debug|Any CPU
		{4DAC98EC-554B-6D24-5F0F-34601CCDCCE8}.Debug|Any CPU.Build.0 = Debug|Any CPU
		{4DAC98EC-554B-6D24-5F0F-34601CCDCCE8}.Release|Any CPU.ActiveCfg = Release|Any CPU
		{4DAC98EC-554B-6D24-5F0F-34601CCDCCE8}.Release|Any CPU.Build.0 = Release|Any CPU
		{B28A9D09-5F7C-2A8A-C62E-52C99E662559}.Debug|Any CPU.ActiveCfg = Debug|Any CPU
		{B28A9D09-5F7C-2A8A-C62E-52C99E662559}.Debug|Any CPU.Build.0 = Debug|Any CPU
		{B28A9D09-5F7C-2A8A-C62E-52C99E662559}.Release|Any CPU.ActiveCfg = Release|Any CPU
		{B28A9D09-5F7C-2A8A-C62E-52C99E662559}.Release|Any CPU.Build.0 = Release|Any CPU
		{32068A20-3BBB-5C06-8F5B-2330CFCE915D}.Debug|Any CPU.ActiveCfg = Debug|Any CPU
		{32068A20-3BBB-5C06-8F5B-2330CFCE915D}.Debug|Any CPU.Build.0 = Debug|Any CPU
		{32068A20-3BBB-5C06-8F5B-2330CFCE915D}.Release|Any CPU.ActiveCfg = Release|Any CPU
		{32068A20-3BBB-5C06-8F5B-2330CFCE915D}.Release|Any CPU.Build.0 = Release|Any CPU
	EndGlobalSection
	GlobalSection(SolutionProperties) = preSolution
		HideSolutionNode = FALSE
	EndGlobalSection
	GlobalSection(SolutionProperties) = preSolution
		HideSolutionNode = FALSE
	EndGlobalSection
EndGlobal
