
Microsoft Visual Studio Solution File, Format Version 12.00
# Visual Studio 15
Project("{FAE04EC0-301F-11D3-BF4B-00C04F79EFBC}") = "Assembly-CSharp", "Assembly-CSharp.csproj", "{84068216-F05E-C1F8-F7DD-67999CBBE322}"
EndProject
Project("{FAE04EC0-301F-11D3-BF4B-00C04F79EFBC}") = "OccaSoftware.SuperSimpleSkybox.Runtime", "OccaSoftware.SuperSimpleSkybox.Runtime.csproj", "{4A7DCDA0-412C-E24C-2B81-02A1EC641570}"
EndProject
Project("{FAE04EC0-301F-11D3-BF4B-00C04F79EFBC}") = "CFXREditor", "CFXREditor.csproj", "{EB4236B6-CC0F-5A17-CDF8-CAB554A1D762}"
EndProject
Project("{FAE04EC0-301F-11D3-BF4B-00C04F79EFBC}") = "Assembly-CSharp-Editor", "Assembly-CSharp-Editor.csproj", "{44A1F9B5-6BF9-6141-36C9-E68BC285E178}"
EndProject
Project("{FAE04EC0-301F-11D3-BF4B-00C04F79EFBC}") = "Assembly-CSharp-firstpass", "Assembly-CSharp-firstpass.csproj", "{3B818AB6-3A52-A22C-0CB3-9F171E3BE56F}"
EndProject
Project("{FAE04EC0-301F-11D3-BF4B-00C04F79EFBC}") = "OccaSoftware.SuperSimpleSkybox.Editor", "OccaSoftware.SuperSimpleSkybox.Editor.csproj", "{5722E06C-C1D0-FF50-5C2B-2CB49C77BD63}"
EndProject
Project("{FAE04EC0-301F-11D3-BF4B-00C04F79EFBC}") = "ToonyColorsPro.Demo.Editor", "ToonyColorsPro.Demo.Editor.csproj", "{83B3661C-02A0-F445-5D90-6930A87D213C}"
EndProject
Project("{FAE04EC0-301F-11D3-BF4B-00C04F79EFBC}") = "CFXR.WelcomeScreen", "CFXR.WelcomeScreen.csproj", "{64CD1726-5DDB-0C44-60F4-D08CA4EA79EF}"
EndProject
Project("{FAE04EC0-301F-11D3-BF4B-00C04F79EFBC}") = "CFXRDemo", "CFXRDemo.csproj", "{B8C3C6D3-11E0-B9B9-2BDD-1B8D296D86A1}"
EndProject
Project("{FAE04EC0-301F-11D3-BF4B-00C04F79EFBC}") = "CFXRRuntime", "CFXRRuntime.csproj", "{903F2A97-883D-C77D-6289-29894A1837C7}"
EndProject
Project("{FAE04EC0-301F-11D3-BF4B-00C04F79EFBC}") = "KinoBloom.Runtime", "KinoBloom.Runtime.csproj", "{2EB0A03E-1693-41A6-950A-A8DF1729ADE7}"
EndProject
Project("{FAE04EC0-301F-11D3-BF4B-00C04F79EFBC}") = "OccaSoftware.SuperSimpleSkybox.Demo", "OccaSoftware.SuperSimpleSkybox.Demo.csproj", "{63BB7A0B-B52A-9364-9933-C7378882FB90}"
EndProject
Global
	GlobalSection(SolutionConfigurationPlatforms) = preSolution
		Debug|Any CPU = Debug|Any CPU
		Release|Any CPU = Release|Any CPU
	EndGlobalSection
	GlobalSection(ProjectConfigurationPlatforms) = postSolution
		{84068216-F05E-C1F8-F7DD-67999CBBE322}.Debug|Any CPU.ActiveCfg = Debug|Any CPU
		{84068216-F05E-C1F8-F7DD-67999CBBE322}.Debug|Any CPU.Build.0 = Debug|Any CPU
		{84068216-F05E-C1F8-F7DD-67999CBBE322}.Release|Any CPU.ActiveCfg = Release|Any CPU
		{84068216-F05E-C1F8-F7DD-67999CBBE322}.Release|Any CPU.Build.0 = Release|Any CPU
		{4A7DCDA0-412C-E24C-2B81-02A1EC641570}.Debug|Any CPU.ActiveCfg = Debug|Any CPU
		{4A7DCDA0-412C-E24C-2B81-02A1EC641570}.Debug|Any CPU.Build.0 = Debug|Any CPU
		{4A7DCDA0-412C-E24C-2B81-02A1EC641570}.Release|Any CPU.ActiveCfg = Release|Any CPU
		{4A7DCDA0-412C-E24C-2B81-02A1EC641570}.Release|Any CPU.Build.0 = Release|Any CPU
		{EB4236B6-CC0F-5A17-CDF8-CAB554A1D762}.Debug|Any CPU.ActiveCfg = Debug|Any CPU
		{EB4236B6-CC0F-5A17-CDF8-CAB554A1D762}.Debug|Any CPU.Build.0 = Debug|Any CPU
		{EB4236B6-CC0F-5A17-CDF8-CAB554A1D762}.Release|Any CPU.ActiveCfg = Release|Any CPU
		{EB4236B6-CC0F-5A17-CDF8-CAB554A1D762}.Release|Any CPU.Build.0 = Release|Any CPU
		{44A1F9B5-6BF9-6141-36C9-E68BC285E178}.Debug|Any CPU.ActiveCfg = Debug|Any CPU
		{44A1F9B5-6BF9-6141-36C9-E68BC285E178}.Debug|Any CPU.Build.0 = Debug|Any CPU
		{44A1F9B5-6BF9-6141-36C9-E68BC285E178}.Release|Any CPU.ActiveCfg = Release|Any CPU
		{44A1F9B5-6BF9-6141-36C9-E68BC285E178}.Release|Any CPU.Build.0 = Release|Any CPU
		{3B818AB6-3A52-A22C-0CB3-9F171E3BE56F}.Debug|Any CPU.ActiveCfg = Debug|Any CPU
		{3B818AB6-3A52-A22C-0CB3-9F171E3BE56F}.Debug|Any CPU.Build.0 = Debug|Any CPU
		{3B818AB6-3A52-A22C-0CB3-9F171E3BE56F}.Release|Any CPU.ActiveCfg = Release|Any CPU
		{3B818AB6-3A52-A22C-0CB3-9F171E3BE56F}.Release|Any CPU.Build.0 = Release|Any CPU
		{5722E06C-C1D0-FF50-5C2B-2CB49C77BD63}.Debug|Any CPU.ActiveCfg = Debug|Any CPU
		{5722E06C-C1D0-FF50-5C2B-2CB49C77BD63}.Debug|Any CPU.Build.0 = Debug|Any CPU
		{5722E06C-C1D0-FF50-5C2B-2CB49C77BD63}.Release|Any CPU.ActiveCfg = Release|Any CPU
		{5722E06C-C1D0-FF50-5C2B-2CB49C77BD63}.Release|Any CPU.Build.0 = Release|Any CPU
		{83B3661C-02A0-F445-5D90-6930A87D213C}.Debug|Any CPU.ActiveCfg = Debug|Any CPU
		{83B3661C-02A0-F445-5D90-6930A87D213C}.Debug|Any CPU.Build.0 = Debug|Any CPU
		{83B3661C-02A0-F445-5D90-6930A87D213C}.Release|Any CPU.ActiveCfg = Release|Any CPU
		{83B3661C-02A0-F445-5D90-6930A87D213C}.Release|Any CPU.Build.0 = Release|Any CPU
		{64CD1726-5DDB-0C44-60F4-D08CA4EA79EF}.Debug|Any CPU.ActiveCfg = Debug|Any CPU
		{64CD1726-5DDB-0C44-60F4-D08CA4EA79EF}.Debug|Any CPU.Build.0 = Debug|Any CPU
		{64CD1726-5DDB-0C44-60F4-D08CA4EA79EF}.Release|Any CPU.ActiveCfg = Release|Any CPU
		{64CD1726-5DDB-0C44-60F4-D08CA4EA79EF}.Release|Any CPU.Build.0 = Release|Any CPU
		{B8C3C6D3-11E0-B9B9-2BDD-1B8D296D86A1}.Debug|Any CPU.ActiveCfg = Debug|Any CPU
		{B8C3C6D3-11E0-B9B9-2BDD-1B8D296D86A1}.Debug|Any CPU.Build.0 = Debug|Any CPU
		{B8C3C6D3-11E0-B9B9-2BDD-1B8D296D86A1}.Release|Any CPU.ActiveCfg = Release|Any CPU
		{B8C3C6D3-11E0-B9B9-2BDD-1B8D296D86A1}.Release|Any CPU.Build.0 = Release|Any CPU
		{903F2A97-883D-C77D-6289-29894A1837C7}.Debug|Any CPU.ActiveCfg = Debug|Any CPU
		{903F2A97-883D-C77D-6289-29894A1837C7}.Debug|Any CPU.Build.0 = Debug|Any CPU
		{903F2A97-883D-C77D-6289-29894A1837C7}.Release|Any CPU.ActiveCfg = Release|Any CPU
		{903F2A97-883D-C77D-6289-29894A1837C7}.Release|Any CPU.Build.0 = Release|Any CPU
		{2EB0A03E-1693-41A6-950A-A8DF1729ADE7}.Debug|Any CPU.ActiveCfg = Debug|Any CPU
		{2EB0A03E-1693-41A6-950A-A8DF1729ADE7}.Debug|Any CPU.Build.0 = Debug|Any CPU
		{2EB0A03E-1693-41A6-950A-A8DF1729ADE7}.Release|Any CPU.ActiveCfg = Release|Any CPU
		{2EB0A03E-1693-41A6-950A-A8DF1729ADE7}.Release|Any CPU.Build.0 = Release|Any CPU
		{63BB7A0B-B52A-9364-9933-C7378882FB90}.Debug|Any CPU.ActiveCfg = Debug|Any CPU
		{63BB7A0B-B52A-9364-9933-C7378882FB90}.Debug|Any CPU.Build.0 = Debug|Any CPU
		{63BB7A0B-B52A-9364-9933-C7378882FB90}.Release|Any CPU.ActiveCfg = Release|Any CPU
		{63BB7A0B-B52A-9364-9933-C7378882FB90}.Release|Any CPU.Build.0 = Release|Any CPU
	EndGlobalSection
	GlobalSection(SolutionProperties) = preSolution
		HideSolutionNode = FALSE
	EndGlobalSection
EndGlobal
